
Microsoft Visual Studio Solution File, Format Version 12.00
# Visual Studio Version 17
VisualStudioVersion = 17.3.32901.215
MinimumVisualStudioVersion = 10.0.40219.1
Project("{9A19103F-16F7-4668-BE54-9A1E7A4F7556}") = "StringLibrary", "StringLibrary\StringLibrary.csproj", "{83C382AC-14DE-4B7E-9CED-BC3D63BA446E}"
EndProject
Project("{FAE04EC0-301F-11D3-BF4B-00C04F79EFBC}") = "ShowCase", "ShowCase\ShowCase.csproj", "{AFEF3F70-BA05-4717-9CEB-C651A494CC65}"
EndProject
Global
	GlobalSection(SolutionConfigurationPlatforms) = preSolution
		Debug|Any CPU = Debug|Any CPU
		Release|Any CPU = Release|Any CPU
	EndGlobalSection
	GlobalSection(ProjectConfigurationPlatforms) = postSolution
		{83C382AC-14DE-4B7E-9CED-BC3D63BA446E}.Debug|Any CPU.ActiveCfg = Debug|Any CPU
		{83C382AC-14DE-4B7E-9CED-BC3D63BA446E}.Debug|Any CPU.Build.0 = Debug|Any CPU
		{83C382AC-14DE-4B7E-9CED-BC3D63BA446E}.Release|Any CPU.ActiveCfg = Release|Any CPU
		{83C382AC-14DE-4B7E-9CED-BC3D63BA446E}.Release|Any CPU.Build.0 = Release|Any CPU
		{AFEF3F70-BA05-4717-9CEB-C651A494CC65}.Debug|Any CPU.ActiveCfg = Debug|Any CPU
		{AFEF3F70-BA05-4717-9CEB-C651A494CC65}.Debug|Any CPU.Build.0 = Debug|Any CPU
		{AFEF3F70-BA05-4717-9CEB-C651A494CC65}.Release|Any CPU.ActiveCfg = Release|Any CPU
		{AFEF3F70-BA05-4717-9CEB-C651A494CC65}.Release|Any CPU.Build.0 = Release|Any CPU
	EndGlobalSection
	GlobalSection(SolutionProperties) = preSolution
		HideSolutionNode = FALSE
	EndGlobalSection
	GlobalSection(ExtensibilityGlobals) = postSolution
		SolutionGuid = {B6DA2ECD-5806-4837-8F77-9D5CA9C39862}
	EndGlobalSection
EndGlobal
